<?xml version="1.0" encoding="utf-8"?>
<Project ToolsVersion="4.0" xmlns="http://schemas.microsoft.com/developer/msbuild/2003">
  <ItemGroup>
    <Filter Include="external">
      <UniqueIdentifier>{4ac5ff24-563b-4833-9409-a07acb41b967}</UniqueIdentifier>
    </Filter>
    <Filter Include="gl">
      <UniqueIdentifier>{5d3380db-3683-4948-af8c-22db7297e5f8}</UniqueIdentifier>
    </Filter>
    <Filter Include="obj">
      <UniqueIdentifier>{3969b0ad-6acb-498d-aa72-ee097b9dec9e}</UniqueIdentifier>
    </Filter>
    <Filter Include="tools">
      <UniqueIdentifier>{ef98ab09-abd9-4d39-8014-4a2a2b0508f9}</UniqueIdentifier>
    </Filter>
    <Filter Include="obj\texture">
      <UniqueIdentifier>{314cec23-2e40-4150-a08a-c16e0f443f38}</UniqueIdentifier>
    </Filter>
  </ItemGroup>
  <ItemGroup>
    <ClInclude Include="..\..\..\external\ejoy2d\blendmode.h">
      <Filter>external</Filter>
    </ClInclude>
    <ClInclude Include="..\..\..\external\ejoy2d\block2.h">
      <Filter>external</Filter>
    </ClInclude>
    <ClInclude Include="..\..\..\external\ejoy2d\carray.h">
      <Filter>external</Filter>
    </ClInclude>
    <ClInclude Include="..\..\..\external\ejoy2d\opengl.h">
      <Filter>external</Filter>
    </ClInclude>
    <ClInclude Include="..\..\..\external\ejoy2d\render.h">
      <Filter>external</Filter>
    </ClInclude>
    <ClInclude Include="..\..\..\include\unirender\gl\RenderContext.h">
      <Filter>gl</Filter>
    </ClInclude>
    <ClInclude Include="..\..\..\include\unirender\gl\typedef.h">
      <Filter>gl</Filter>
    </ClInclude>
    <ClInclude Include="..\..\..\include\unirender\typedef.h" />
    <ClInclude Include="..\..\..\include\unirender\VertexAttrib.h" />
    <ClInclude Include="..\..\..\include\unirender\RenderTarget.h">
      <Filter>obj</Filter>
    </ClInclude>
    <ClInclude Include="..\..\..\include\unirender\RenderContext.h" />
    <ClInclude Include="..\..\..\include\unirender\Shader.h">
      <Filter>obj</Filter>
    </ClInclude>
    <ClInclude Include="..\..\..\include\unirender\Blackboard.h">
      <Filter>tools</Filter>
    </ClInclude>
    <ClInclude Include="..\..\..\include\unirender\Utility.h">
      <Filter>tools</Filter>
    </ClInclude>
    <ClInclude Include="..\..\..\include\unirender\PixelBuffer.h">
      <Filter>obj</Filter>
    </ClInclude>
    <ClInclude Include="..\..\..\include\unirender\Texture.h">
      <Filter>obj\texture</Filter>
    </ClInclude>
    <ClInclude Include="..\..\..\include\unirender\Texture3D.h">
      <Filter>obj\texture</Filter>
    </ClInclude>
    <ClInclude Include="..\..\..\include\unirender\TextureCube.h">
      <Filter>obj\texture</Filter>
    </ClInclude>
    <ClInclude Include="..\..\..\include\unirender\Sandbox.h">
      <Filter>tools</Filter>
    </ClInclude>
  </ItemGroup>
  <ItemGroup>
    <ClCompile Include="..\..\..\external\ejoy2d\carray.c">
      <Filter>external</Filter>
    </ClCompile>
    <ClCompile Include="..\..\..\external\ejoy2d\render.c">
      <Filter>external</Filter>
    </ClCompile>
    <ClCompile Include="..\..\..\source\gl\RenderContext.cpp">
      <Filter>gl</Filter>
    </ClCompile>
    <ClCompile Include="..\..\..\source\c_wrap_ur.cpp" />
    <ClCompile Include="..\..\..\source\RenderTarget.cpp">
      <Filter>obj</Filter>
    </ClCompile>
    <ClCompile Include="..\..\..\source\RenderContext.cpp" />
    <ClCompile Include="..\..\..\source\Shader.cpp">
      <Filter>obj</Filter>
    </ClCompile>
    <ClCompile Include="..\..\..\source\Blackboard.cpp">
      <Filter>tools</Filter>
    </ClCompile>
    <ClCompile Include="..\..\..\source\Utility.cpp">
      <Filter>tools</Filter>
    </ClCompile>
    <ClCompile Include="..\..\..\source\PixelBuffer.cpp">
      <Filter>obj</Filter>
    </ClCompile>
    <ClCompile Include="..\..\..\source\Texture.cpp">
      <Filter>obj\texture</Filter>
    </ClCompile>
    <ClCompile Include="..\..\..\source\Texture3D.cpp">
      <Filter>obj\texture</Filter>
    </ClCompile>
    <ClCompile Include="..\..\..\source\TextureCube.cpp">
      <Filter>obj\texture</Filter>
    </ClCompile>
    <ClCompile Include="..\..\..\source\Sandbox.cpp">
      <Filter>tools</Filter>
    </ClCompile>
  </ItemGroup>
  <ItemGroup>
    <None Include="..\..\..\include\unirender\gl\RenderContext.inl">
      <Filter>gl</Filter>
    </None>
  </ItemGroup>
</Project>